
Microsoft Visual Studio Solution File, Format Version 12.00
# Visual Studio Version 17
VisualStudioVersion = 17.0.31903.59
MinimumVisualStudioVersion = 10.0.40219.1
Project("{2150E333-8FDC-42A3-9474-1A3956D46DE8}") = "src", "src", "{827E0CD3-B72D-47B6-A68D-7590B98EB39B}"
EndProject
Project("{2150E333-8FDC-42A3-9474-1A3956D46DE8}") = "Services", "Services", "{984BB9B3-3FA3-BE33-9484-CAC21695A33C}"
EndProject
Project("{FAE04EC0-301F-11D3-BF4B-00C04F79EFBC}") = "Payment.Initiation.Api", "src\Services\Payment.Initiation.Api\Payment.Initiation.Api.csproj", "{03C42535-2005-4BE7-9E59-F4285DCA2983}"
EndProject
Project("{FAE04EC0-301F-11D3-BF4B-00C04F79EFBC}") = "Payment.GatewayAdapter.Worker", "src\Services\Payment.GatewayAdapter.Worker\Payment.GatewayAdapter.Worker.csproj", "{31352E67-AAF5-47B5-9A82-89134EE6B042}"
EndProject
Project("{FAE04EC0-301F-11D3-BF4B-00C04F79EFBC}") = "Payment.Status.Api", "src\Services\Payment.Status.Api\Payment.Status.Api.csproj", "{9470132B-5394-4EDF-9DD9-138AB66C5DD0}"
EndProject
Project("{FAE04EC0-301F-11D3-BF4B-00C04F79EFBC}") = "Payment.Reconciliation.Worker", "src\Services\Payment.Reconciliation.Worker\Payment.Reconciliation.Worker.csproj", "{ECBB1AC9-B910-4E73-A758-F029665B2F01}"
EndProject
Project("{2150E333-8FDC-42A3-9474-1A3956D46DE8}") = "Gateway", "Gateway", "{6306A8FB-679E-111F-6585-8F70E0EE6013}"
EndProject
Project("{FAE04EC0-301F-11D3-BF4B-00C04F79EFBC}") = "Mock.Gateway.Api", "src\Gateway\Mock.Gateway.Api\Mock.Gateway.Api.csproj", "{B485435A-8F88-414F-A2BE-4158556A4511}"
EndProject
Project("{2150E333-8FDC-42A3-9474-1A3956D46DE8}") = "Shared", "Shared", "{C8E42992-5E42-0C2B-DBFE-AA848D06431C}"
EndProject
Project("{FAE04EC0-301F-11D3-BF4B-00C04F79EFBC}") = "Contracts", "src\Shared\Contracts\Contracts.csproj", "{82D2C339-BDF9-4C26-8F39-BD07E4C090D0}"
EndProject
Project("{FAE04EC0-301F-11D3-BF4B-00C04F79EFBC}") = "BuildingBlocks", "src\Shared\BuildingBlocks\BuildingBlocks.csproj", "{E1C04BF8-E3A5-4BE0-870A-DEFF8870CB61}"
EndProject
Project("{FAE04EC0-301F-11D3-BF4B-00C04F79EFBC}") = "Domain", "src\Shared\Domain\Domain.csproj", "{DFF5C959-0BC1-4439-85FD-3327EB73BB7C}"
EndProject
Global
	GlobalSection(SolutionConfigurationPlatforms) = preSolution
		Debug|Any CPU = Debug|Any CPU
		Debug|x64 = Debug|x64
		Debug|x86 = Debug|x86
		Release|Any CPU = Release|Any CPU
		Release|x64 = Release|x64
		Release|x86 = Release|x86
	EndGlobalSection
	GlobalSection(ProjectConfigurationPlatforms) = postSolution
		{03C42535-2005-4BE7-9E59-F4285DCA2983}.Debug|Any CPU.ActiveCfg = Debug|Any CPU
		{03C42535-2005-4BE7-9E59-F4285DCA2983}.Debug|Any CPU.Build.0 = Debug|Any CPU
		{03C42535-2005-4BE7-9E59-F4285DCA2983}.Debug|x64.ActiveCfg = Debug|Any CPU
		{03C42535-2005-4BE7-9E59-F4285DCA2983}.Debug|x64.Build.0 = Debug|Any CPU
		{03C42535-2005-4BE7-9E59-F4285DCA2983}.Debug|x86.ActiveCfg = Debug|Any CPU
		{03C42535-2005-4BE7-9E59-F4285DCA2983}.Debug|x86.Build.0 = Debug|Any CPU
		{03C42535-2005-4BE7-9E59-F4285DCA2983}.Release|Any CPU.ActiveCfg = Release|Any CPU
		{03C42535-2005-4BE7-9E59-F4285DCA2983}.Release|Any CPU.Build.0 = Release|Any CPU
		{03C42535-2005-4BE7-9E59-F4285DCA2983}.Release|x64.ActiveCfg = Release|Any CPU
		{03C42535-2005-4BE7-9E59-F4285DCA2983}.Release|x64.Build.0 = Release|Any CPU
		{03C42535-2005-4BE7-9E59-F4285DCA2983}.Release|x86.ActiveCfg = Release|Any CPU
		{03C42535-2005-4BE7-9E59-F4285DCA2983}.Release|x86.Build.0 = Release|Any CPU
		{31352E67-AAF5-47B5-9A82-89134EE6B042}.Debug|Any CPU.ActiveCfg = Debug|Any CPU
		{31352E67-AAF5-47B5-9A82-89134EE6B042}.Debug|Any CPU.Build.0 = Debug|Any CPU
		{31352E67-AAF5-47B5-9A82-89134EE6B042}.Debug|x64.ActiveCfg = Debug|Any CPU
		{31352E67-AAF5-47B5-9A82-89134EE6B042}.Debug|x64.Build.0 = Debug|Any CPU
		{31352E67-AAF5-47B5-9A82-89134EE6B042}.Debug|x86.ActiveCfg = Debug|Any CPU
		{31352E67-AAF5-47B5-9A82-89134EE6B042}.Debug|x86.Build.0 = Debug|Any CPU
		{31352E67-AAF5-47B5-9A82-89134EE6B042}.Release|Any CPU.ActiveCfg = Release|Any CPU
		{31352E67-AAF5-47B5-9A82-89134EE6B042}.Release|Any CPU.Build.0 = Release|Any CPU
		{31352E67-AAF5-47B5-9A82-89134EE6B042}.Release|x64.ActiveCfg = Release|Any CPU
		{31352E67-AAF5-47B5-9A82-89134EE6B042}.Release|x64.Build.0 = Release|Any CPU
		{31352E67-AAF5-47B5-9A82-89134EE6B042}.Release|x86.ActiveCfg = Release|Any CPU
		{31352E67-AAF5-47B5-9A82-89134EE6B042}.Release|x86.Build.0 = Release|Any CPU
		{9470132B-5394-4EDF-9DD9-138AB66C5DD0}.Debug|Any CPU.ActiveCfg = Debug|Any CPU
		{9470132B-5394-4EDF-9DD9-138AB66C5DD0}.Debug|Any CPU.Build.0 = Debug|Any CPU
		{9470132B-5394-4EDF-9DD9-138AB66C5DD0}.Debug|x64.ActiveCfg = Debug|Any CPU
		{9470132B-5394-4EDF-9DD9-138AB66C5DD0}.Debug|x64.Build.0 = Debug|Any CPU
		{9470132B-5394-4EDF-9DD9-138AB66C5DD0}.Debug|x86.ActiveCfg = Debug|Any CPU
		{9470132B-5394-4EDF-9DD9-138AB66C5DD0}.Debug|x86.Build.0 = Debug|Any CPU
		{9470132B-5394-4EDF-9DD9-138AB66C5DD0}.Release|Any CPU.ActiveCfg = Release|Any CPU
		{9470132B-5394-4EDF-9DD9-138AB66C5DD0}.Release|Any CPU.Build.0 = Release|Any CPU
		{9470132B-5394-4EDF-9DD9-138AB66C5DD0}.Release|x64.ActiveCfg = Release|Any CPU
		{9470132B-5394-4EDF-9DD9-138AB66C5DD0}.Release|x64.Build.0 = Release|Any CPU
		{9470132B-5394-4EDF-9DD9-138AB66C5DD0}.Release|x86.ActiveCfg = Release|Any CPU
		{9470132B-5394-4EDF-9DD9-138AB66C5DD0}.Release|x86.Build.0 = Release|Any CPU
		{ECBB1AC9-B910-4E73-A758-F029665B2F01}.Debug|Any CPU.ActiveCfg = Debug|Any CPU
		{ECBB1AC9-B910-4E73-A758-F029665B2F01}.Debug|Any CPU.Build.0 = Debug|Any CPU
		{ECBB1AC9-B910-4E73-A758-F029665B2F01}.Debug|x64.ActiveCfg = Debug|Any CPU
		{ECBB1AC9-B910-4E73-A758-F029665B2F01}.Debug|x64.Build.0 = Debug|Any CPU
		{ECBB1AC9-B910-4E73-A758-F029665B2F01}.Debug|x86.ActiveCfg = Debug|Any CPU
		{ECBB1AC9-B910-4E73-A758-F029665B2F01}.Debug|x86.Build.0 = Debug|Any CPU
		{ECBB1AC9-B910-4E73-A758-F029665B2F01}.Release|Any CPU.ActiveCfg = Release|Any CPU
		{ECBB1AC9-B910-4E73-A758-F029665B2F01}.Release|Any CPU.Build.0 = Release|Any CPU
		{ECBB1AC9-B910-4E73-A758-F029665B2F01}.Release|x64.ActiveCfg = Release|Any CPU
		{ECBB1AC9-B910-4E73-A758-F029665B2F01}.Release|x64.Build.0 = Release|Any CPU
		{ECBB1AC9-B910-4E73-A758-F029665B2F01}.Release|x86.ActiveCfg = Release|Any CPU
		{ECBB1AC9-B910-4E73-A758-F029665B2F01}.Release|x86.Build.0 = Release|Any CPU
		{B485435A-8F88-414F-A2BE-4158556A4511}.Debug|Any CPU.ActiveCfg = Debug|Any CPU
		{B485435A-8F88-414F-A2BE-4158556A4511}.Debug|Any CPU.Build.0 = Debug|Any CPU
		{B485435A-8F88-414F-A2BE-4158556A4511}.Debug|x64.ActiveCfg = Debug|Any CPU
		{B485435A-8F88-414F-A2BE-4158556A4511}.Debug|x64.Build.0 = Debug|Any CPU
		{B485435A-8F88-414F-A2BE-4158556A4511}.Debug|x86.ActiveCfg = Debug|Any CPU
		{B485435A-8F88-414F-A2BE-4158556A4511}.Debug|x86.Build.0 = Debug|Any CPU
		{B485435A-8F88-414F-A2BE-4158556A4511}.Release|Any CPU.ActiveCfg = Release|Any CPU
		{B485435A-8F88-414F-A2BE-4158556A4511}.Release|Any CPU.Build.0 = Release|Any CPU
		{B485435A-8F88-414F-A2BE-4158556A4511}.Release|x64.ActiveCfg = Release|Any CPU
		{B485435A-8F88-414F-A2BE-4158556A4511}.Release|x64.Build.0 = Release|Any CPU
		{B485435A-8F88-414F-A2BE-4158556A4511}.Release|x86.ActiveCfg = Release|Any CPU
		{B485435A-8F88-414F-A2BE-4158556A4511}.Release|x86.Build.0 = Release|Any CPU
		{82D2C339-BDF9-4C26-8F39-BD07E4C090D0}.Debug|Any CPU.ActiveCfg = Debug|Any CPU
		{82D2C339-BDF9-4C26-8F39-BD07E4C090D0}.Debug|Any CPU.Build.0 = Debug|Any CPU
		{82D2C339-BDF9-4C26-8F39-BD07E4C090D0}.Debug|x64.ActiveCfg = Debug|Any CPU
		{82D2C339-BDF9-4C26-8F39-BD07E4C090D0}.Debug|x64.Build.0 = Debug|Any CPU
		{82D2C339-BDF9-4C26-8F39-BD07E4C090D0}.Debug|x86.ActiveCfg = Debug|Any CPU
		{82D2C339-BDF9-4C26-8F39-BD07E4C090D0}.Debug|x86.Build.0 = Debug|Any CPU
		{82D2C339-BDF9-4C26-8F39-BD07E4C090D0}.Release|Any CPU.ActiveCfg = Release|Any CPU
		{82D2C339-BDF9-4C26-8F39-BD07E4C090D0}.Release|Any CPU.Build.0 = Release|Any CPU
		{82D2C339-BDF9-4C26-8F39-BD07E4C090D0}.Release|x64.ActiveCfg = Release|Any CPU
		{82D2C339-BDF9-4C26-8F39-BD07E4C090D0}.Release|x64.Build.0 = Release|Any CPU
		{82D2C339-BDF9-4C26-8F39-BD07E4C090D0}.Release|x86.ActiveCfg = Release|Any CPU
		{82D2C339-BDF9-4C26-8F39-BD07E4C090D0}.Release|x86.Build.0 = Release|Any CPU
		{E1C04BF8-E3A5-4BE0-870A-DEFF8870CB61}.Debug|Any CPU.ActiveCfg = Debug|Any CPU
		{E1C04BF8-E3A5-4BE0-870A-DEFF8870CB61}.Debug|Any CPU.Build.0 = Debug|Any CPU
		{E1C04BF8-E3A5-4BE0-870A-DEFF8870CB61}.Debug|x64.ActiveCfg = Debug|Any CPU
		{E1C04BF8-E3A5-4BE0-870A-DEFF8870CB61}.Debug|x64.Build.0 = Debug|Any CPU
		{E1C04BF8-E3A5-4BE0-870A-DEFF8870CB61}.Debug|x86.ActiveCfg = Debug|Any CPU
		{E1C04BF8-E3A5-4BE0-870A-DEFF8870CB61}.Debug|x86.Build.0 = Debug|Any CPU
		{E1C04BF8-E3A5-4BE0-870A-DEFF8870CB61}.Release|Any CPU.ActiveCfg = Release|Any CPU
		{E1C04BF8-E3A5-4BE0-870A-DEFF8870CB61}.Release|Any CPU.Build.0 = Release|Any CPU
		{E1C04BF8-E3A5-4BE0-870A-DEFF8870CB61}.Release|x64.ActiveCfg = Release|Any CPU
		{E1C04BF8-E3A5-4BE0-870A-DEFF8870CB61}.Release|x64.Build.0 = Release|Any CPU
		{E1C04BF8-E3A5-4BE0-870A-DEFF8870CB61}.Release|x86.ActiveCfg = Release|Any CPU
		{E1C04BF8-E3A5-4BE0-870A-DEFF8870CB61}.Release|x86.Build.0 = Release|Any CPU
		{DFF5C959-0BC1-4439-85FD-3327EB73BB7C}.Debug|Any CPU.ActiveCfg = Debug|Any CPU
		{DFF5C959-0BC1-4439-85FD-3327EB73BB7C}.Debug|Any CPU.Build.0 = Debug|Any CPU
		{DFF5C959-0BC1-4439-85FD-3327EB73BB7C}.Debug|x64.ActiveCfg = Debug|Any CPU
		{DFF5C959-0BC1-4439-85FD-3327EB73BB7C}.Debug|x64.Build.0 = Debug|Any CPU
		{DFF5C959-0BC1-4439-85FD-3327EB73BB7C}.Debug|x86.ActiveCfg = Debug|Any CPU
		{DFF5C959-0BC1-4439-85FD-3327EB73BB7C}.Debug|x86.Build.0 = Debug|Any CPU
		{DFF5C959-0BC1-4439-85FD-3327EB73BB7C}.Release|Any CPU.ActiveCfg = Release|Any CPU
		{DFF5C959-0BC1-4439-85FD-3327EB73BB7C}.Release|Any CPU.Build.0 = Release|Any CPU
		{DFF5C959-0BC1-4439-85FD-3327EB73BB7C}.Release|x64.ActiveCfg = Release|Any CPU
		{DFF5C959-0BC1-4439-85FD-3327EB73BB7C}.Release|x64.Build.0 = Release|Any CPU
		{DFF5C959-0BC1-4439-85FD-3327EB73BB7C}.Release|x86.ActiveCfg = Release|Any CPU
		{DFF5C959-0BC1-4439-85FD-3327EB73BB7C}.Release|x86.Build.0 = Release|Any CPU
	EndGlobalSection
	GlobalSection(SolutionProperties) = preSolution
		HideSolutionNode = FALSE
	EndGlobalSection
	GlobalSection(NestedProjects) = preSolution
		{984BB9B3-3FA3-BE33-9484-CAC21695A33C} = {827E0CD3-B72D-47B6-A68D-7590B98EB39B}
		{03C42535-2005-4BE7-9E59-F4285DCA2983} = {984BB9B3-3FA3-BE33-9484-CAC21695A33C}
		{31352E67-AAF5-47B5-9A82-89134EE6B042} = {984BB9B3-3FA3-BE33-9484-CAC21695A33C}
		{9470132B-5394-4EDF-9DD9-138AB66C5DD0} = {984BB9B3-3FA3-BE33-9484-CAC21695A33C}
		{ECBB1AC9-B910-4E73-A758-F029665B2F01} = {984BB9B3-3FA3-BE33-9484-CAC21695A33C}
		{6306A8FB-679E-111F-6585-8F70E0EE6013} = {827E0CD3-B72D-47B6-A68D-7590B98EB39B}
		{B485435A-8F88-414F-A2BE-4158556A4511} = {6306A8FB-679E-111F-6585-8F70E0EE6013}
		{C8E42992-5E42-0C2B-DBFE-AA848D06431C} = {827E0CD3-B72D-47B6-A68D-7590B98EB39B}
		{82D2C339-BDF9-4C26-8F39-BD07E4C090D0} = {C8E42992-5E42-0C2B-DBFE-AA848D06431C}
		{E1C04BF8-E3A5-4BE0-870A-DEFF8870CB61} = {C8E42992-5E42-0C2B-DBFE-AA848D06431C}
		{DFF5C959-0BC1-4439-85FD-3327EB73BB7C} = {C8E42992-5E42-0C2B-DBFE-AA848D06431C}
	EndGlobalSection
EndGlobal
